Microsoft Visual Studio Solution File, Format Version 12.00
# Visual Studio 2013
Project("{8BC9CEB8-8B4A-11D0-8D11-00A0C91BC942}") = "ALL_BUILD", "ALL_BUILD.vcxproj", "{40A947D6-75A8-4CEE-80D4-700106903EB7}"
	ProjectSection(ProjectDependencies) = postProject
		{3BEDAB32-5D22-414E-99F4-A971DEE9AC78} = {3BEDAB32-5D22-414E-99F4-A971DEE9AC78}
		{7E769C98-FB47-4366-AC34-D52C877B2FF7} = {7E769C98-FB47-4366-AC34-D52C877B2FF7}
		{324C9921-22AB-4D4B-9BBA-9BA3B2D8818A} = {324C9921-22AB-4D4B-9BBA-9BA3B2D8818A}
		{3E3A426B-8C06-44D1-BAEB-DA0D7E525879} = {3E3A426B-8C06-44D1-BAEB-DA0D7E525879}
		{3FAD640E-222A-44AF-BD74-828533132A7D} = {3FAD640E-222A-44AF-BD74-828533132A7D}
		{8440F92A-80B7-4ED9-8519-9879A6D125A0} = {8440F92A-80B7-4ED9-8519-9879A6D125A0}
		{FA3F3CA3-1B2D-4500-85EC-C10F0BC6BF15} = {FA3F3CA3-1B2D-4500-85EC-C10F0BC6BF15}
		{0A8E6A3F-B5F5-4E42-9DF1-C0CA8D1AEF77} = {0A8E6A3F-B5F5-4E42-9DF1-C0CA8D1AEF77}
		{553227DE-86C3-4A57-8CF0-CAE34403766D} = {553227DE-86C3-4A57-8CF0-CAE34403766D}
		{4CFBE37C-F477-4513-B6C2-A8138E91CC8A} = {4CFBE37C-F477-4513-B6C2-A8138E91CC8A}
		{2995E8F9-A31A-4559-BB19-816FC264AC11} = {2995E8F9-A31A-4559-BB19-816FC264AC11}
		{6AA1A3EE-97FA-4A83-855D-4CB8A4AA2499} = {6AA1A3EE-97FA-4A83-855D-4CB8A4AA2499}
		{CBA06F36-E51A-41FA-B3EE-E7A555CEF4CA} = {CBA06F36-E51A-41FA-B3EE-E7A555CEF4CA}
		{927EE8F5-A4F6-4155-B068-C0E280594FC0} = {927EE8F5-A4F6-4155-B068-C0E280594FC0}
		{26576051-4376-496C-9176-A70D1D9DA931} = {26576051-4376-496C-9176-A70D1D9DA931}
		{DEE30559-4705-47D0-92D6-A716FA6FC5E8} = {DEE30559-4705-47D0-92D6-A716FA6FC5E8}
		{76A408F6-587E-46A5-BAEA-D08737C6B7C7} = {76A408F6-587E-46A5-BAEA-D08737C6B7C7}
		{F57AE720-0CC6-4906-9D98-93042743B5A2} = {F57AE720-0CC6-4906-9D98-93042743B5A2}
		{9F601595-AB7B-4543-890E-CAC69BA8199A} = {9F601595-AB7B-4543-890E-CAC69BA8199A}
		{2FA80F8E-7955-4876-BB92-0F2ED27E1108} = {2FA80F8E-7955-4876-BB92-0F2ED27E1108}
		{BF7871CB-6C13-40B9-924E-B7F7D11AD155} = {BF7871CB-6C13-40B9-924E-B7F7D11AD155}
		{0D8ABE7A-6F92-4FBE-B190-D48242C5B5F5} = {0D8ABE7A-6F92-4FBE-B190-D48242C5B5F5}
		{07E09B32-E4E1-4F28-B484-AD4B400BE4D1} = {07E09B32-E4E1-4F28-B484-AD4B400BE4D1}
		{8924DF52-16D7-4B81-93AB-3CDBD9A6D17E} = {8924DF52-16D7-4B81-93AB-3CDBD9A6D17E}
		{881D7E18-C593-4068-8B59-E8C035807FFB} = {881D7E18-C593-4068-8B59-E8C035807FFB}
		{EFB7AF83-5A03-4F0A-AB14-9AEF3019E05B} = {EFB7AF83-5A03-4F0A-AB14-9AEF3019E05B}
		{A2196863-C54C-4EF9-AEA5-FE94F1E9E190} = {A2196863-C54C-4EF9-AEA5-FE94F1E9E190}
		{64AE96C1-3074-4101-9BBD-0398BBC41CE2} = {64AE96C1-3074-4101-9BBD-0398BBC41CE2}
		{16786083-39DE-42CA-A391-5586AC29E151} = {16786083-39DE-42CA-A391-5586AC29E151}
		{7500747B-9974-4468-8A28-BF9EE7A5BC22} = {7500747B-9974-4468-8A28-BF9EE7A5BC22}
		{38C4BA4F-16AE-462F-9289-789FDCA64CCB} = {38C4BA4F-16AE-462F-9289-789FDCA64CCB}
		{395B1BC3-CC3C-485B-8CBC-29CD006C9255} = {395B1BC3-CC3C-485B-8CBC-29CD006C9255}
		{FC21F041-6DAE-48C4-BECF-7E8C17268A61} = {FC21F041-6DAE-48C4-BECF-7E8C17268A61}
		{4D4A5AA4-06A3-4504-8CB4-F355F05527D5} = {4D4A5AA4-06A3-4504-8CB4-F355F05527D5}
		{26D18635-78FB-4E9B-8D10-AE747CC5A074} = {26D18635-78FB-4E9B-8D10-AE747CC5A074}
		{D636557A-3084-416B-A268-D23F12F7F645} = {D636557A-3084-416B-A268-D23F12F7F645}
	EndProjectSection
EndProject
Project("{8BC9CEB8-8B4A-11D0-8D11-00A0C91BC942}") = "1.advanced_lighting", "1.advanced_lighting.vcxproj", "{3BEDAB32-5D22-414E-99F4-A971DEE9AC78}"
	ProjectSection(ProjectDependencies) = postProject
		{D636557A-3084-416B-A268-D23F12F7F645} = {D636557A-3084-416B-A268-D23F12F7F645}
	EndProjectSection
EndProject
Project("{8BC9CEB8-8B4A-11D0-8D11-00A0C91BC942}") = "1.colors", "1.colors.vcxproj", "{7E769C98-FB47-4366-AC34-D52C877B2FF7}"
	ProjectSection(ProjectDependencies) = postProject
		{D636557A-3084-416B-A268-D23F12F7F645} = {D636557A-3084-416B-A268-D23F12F7F645}
	EndProjectSection
EndProject
Project("{8BC9CEB8-8B4A-11D0-8D11-00A0C91BC942}") = "1.debugging", "1.debugging.vcxproj", "{324C9921-22AB-4D4B-9BBA-9BA3B2D8818A}"
	ProjectSection(ProjectDependencies) = postProject
		{D636557A-3084-416B-A268-D23F12F7F645} = {D636557A-3084-416B-A268-D23F12F7F645}
	EndProjectSection
EndProject
Project("{8BC9CEB8-8B4A-11D0-8D11-00A0C91BC942}") = "1.depth_testing", "1.depth_testing.vcxproj", "{3E3A426B-8C06-44D1-BAEB-DA0D7E525879}"
	ProjectSection(ProjectDependencies) = postProject
		{D636557A-3084-416B-A268-D23F12F7F645} = {D636557A-3084-416B-A268-D23F12F7F645}
	EndProjectSection
EndProject
Project("{8BC9CEB8-8B4A-11D0-8D11-00A0C91BC942}") = "1.hello_window", "1.hello_window.vcxproj", "{3FAD640E-222A-44AF-BD74-828533132A7D}"
	ProjectSection(ProjectDependencies) = postProject
		{D636557A-3084-416B-A268-D23F12F7F645} = {D636557A-3084-416B-A268-D23F12F7F645}
	EndProjectSection
EndProject
Project("{8BC9CEB8-8B4A-11D0-8D11-00A0C91BC942}") = "1.model_loading", "1.model_loading.vcxproj", "{8440F92A-80B7-4ED9-8519-9879A6D125A0}"
	ProjectSection(ProjectDependencies) = postProject
		{D636557A-3084-416B-A268-D23F12F7F645} = {D636557A-3084-416B-A268-D23F12F7F645}
	EndProjectSection
EndProject
Project("{8BC9CEB8-8B4A-11D0-8D11-00A0C91BC942}") = "10.instancing", "10.instancing.vcxproj", "{FA3F3CA3-1B2D-4500-85EC-C10F0BC6BF15}"
	ProjectSection(ProjectDependencies) = postProject
		{D636557A-3084-416B-A268-D23F12F7F645} = {D636557A-3084-416B-A268-D23F12F7F645}
	EndProjectSection
EndProject
Project("{8BC9CEB8-8B4A-11D0-8D11-00A0C91BC942}") = "11.anti_aliasing", "11.anti_aliasing.vcxproj", "{0A8E6A3F-B5F5-4E42-9DF1-C0CA8D1AEF77}"
	ProjectSection(ProjectDependencies) = postProject
		{D636557A-3084-416B-A268-D23F12F7F645} = {D636557A-3084-416B-A268-D23F12F7F645}
	EndProjectSection
EndProject
Project("{8BC9CEB8-8B4A-11D0-8D11-00A0C91BC942}") = "2.basic_lighting", "2.basic_lighting.vcxproj", "{553227DE-86C3-4A57-8CF0-CAE34403766D}"
	ProjectSection(ProjectDependencies) = postProject
		{D636557A-3084-416B-A268-D23F12F7F645} = {D636557A-3084-416B-A268-D23F12F7F645}
	EndProjectSection
EndProject
Project("{8BC9CEB8-8B4A-11D0-8D11-00A0C91BC942}") = "2.gamma_correction", "2.gamma_correction.vcxproj", "{4CFBE37C-F477-4513-B6C2-A8138E91CC8A}"
	ProjectSection(ProjectDependencies) = postProject
		{D636557A-3084-416B-A268-D23F12F7F645} = {D636557A-3084-416B-A268-D23F12F7F645}
	EndProjectSection
EndProject
Project("{8BC9CEB8-8B4A-11D0-8D11-00A0C91BC942}") = "2.hello_triangle", "2.hello_triangle.vcxproj", "{2995E8F9-A31A-4559-BB19-816FC264AC11}"
	ProjectSection(ProjectDependencies) = postProject
		{D636557A-3084-416B-A268-D23F12F7F645} = {D636557A-3084-416B-A268-D23F12F7F645}
	EndProjectSection
EndProject
Project("{8BC9CEB8-8B4A-11D0-8D11-00A0C91BC942}") = "2.stencil_testing", "2.stencil_testing.vcxproj", "{6AA1A3EE-97FA-4A83-855D-4CB8A4AA2499}"
	ProjectSection(ProjectDependencies) = postProject
		{D636557A-3084-416B-A268-D23F12F7F645} = {D636557A-3084-416B-A268-D23F12F7F645}
	EndProjectSection
EndProject
Project("{8BC9CEB8-8B4A-11D0-8D11-00A0C91BC942}") = "3.1.blending_discard", "3.1.blending_discard.vcxproj", "{CBA06F36-E51A-41FA-B3EE-E7A555CEF4CA}"
	ProjectSection(ProjectDependencies) = postProject
		{D636557A-3084-416B-A268-D23F12F7F645} = {D636557A-3084-416B-A268-D23F12F7F645}
	EndProjectSection
EndProject
Project("{8BC9CEB8-8B4A-11D0-8D11-00A0C91BC942}") = "3.1.shadow_mapping", "3.1.shadow_mapping.vcxproj", "{927EE8F5-A4F6-4155-B068-C0E280594FC0}"
	ProjectSection(ProjectDependencies) = postProject
		{D636557A-3084-416B-A268-D23F12F7F645} = {D636557A-3084-416B-A268-D23F12F7F645}
	EndProjectSection
EndProject
Project("{8BC9CEB8-8B4A-11D0-8D11-00A0C91BC942}") = "3.2.blending_sort", "3.2.blending_sort.vcxproj", "{26576051-4376-496C-9176-A70D1D9DA931}"
	ProjectSection(ProjectDependencies) = postProject
		{D636557A-3084-416B-A268-D23F12F7F645} = {D636557A-3084-416B-A268-D23F12F7F645}
	EndProjectSection
EndProject
Project("{8BC9CEB8-8B4A-11D0-8D11-00A0C91BC942}") = "3.2.point_shadows", "3.2.point_shadows.vcxproj", "{DEE30559-4705-47D0-92D6-A716FA6FC5E8}"
	ProjectSection(ProjectDependencies) = postProject
		{D636557A-3084-416B-A268-D23F12F7F645} = {D636557A-3084-416B-A268-D23F12F7F645}
	EndProjectSection
EndProject
Project("{8BC9CEB8-8B4A-11D0-8D11-00A0C91BC942}") = "3.materials", "3.materials.vcxproj", "{76A408F6-587E-46A5-BAEA-D08737C6B7C7}"
	ProjectSection(ProjectDependencies) = postProject
		{D636557A-3084-416B-A268-D23F12F7F645} = {D636557A-3084-416B-A268-D23F12F7F645}
	EndProjectSection
EndProject
Project("{8BC9CEB8-8B4A-11D0-8D11-00A0C91BC942}") = "3.shaders", "3.shaders.vcxproj", "{F57AE720-0CC6-4906-9D98-93042743B5A2}"
	ProjectSection(ProjectDependencies) = postProject
		{D636557A-3084-416B-A268-D23F12F7F645} = {D636557A-3084-416B-A268-D23F12F7F645}
	EndProjectSection
EndProject
Project("{8BC9CEB8-8B4A-11D0-8D11-00A0C91BC942}") = "4.lighting_maps", "4.lighting_maps.vcxproj", "{9F601595-AB7B-4543-890E-CAC69BA8199A}"
	ProjectSection(ProjectDependencies) = postProject
		{D636557A-3084-416B-A268-D23F12F7F645} = {D636557A-3084-416B-A268-D23F12F7F645}
	EndProjectSection
EndProject
Project("{8BC9CEB8-8B4A-11D0-8D11-00A0C91BC942}") = "4.normal_mapping", "4.normal_mapping.vcxproj", "{2FA80F8E-7955-4876-BB92-0F2ED27E1108}"
	ProjectSection(ProjectDependencies) = postProject
		{D636557A-3084-416B-A268-D23F12F7F645} = {D636557A-3084-416B-A268-D23F12F7F645}
	EndProjectSection
EndProject
Project("{8BC9CEB8-8B4A-11D0-8D11-00A0C91BC942}") = "4.textures", "4.textures.vcxproj", "{BF7871CB-6C13-40B9-924E-B7F7D11AD155}"
	ProjectSection(ProjectDependencies) = postProject
		{D636557A-3084-416B-A268-D23F12F7F645} = {D636557A-3084-416B-A268-D23F12F7F645}
	EndProjectSection
EndProject
Project("{8BC9CEB8-8B4A-11D0-8D11-00A0C91BC942}") = "5.framebuffers", "5.framebuffers.vcxproj", "{0D8ABE7A-6F92-4FBE-B190-D48242C5B5F5}"
	ProjectSection(ProjectDependencies) = postProject
		{D636557A-3084-416B-A268-D23F12F7F645} = {D636557A-3084-416B-A268-D23F12F7F645}
	EndProjectSection
EndProject
Project("{8BC9CEB8-8B4A-11D0-8D11-00A0C91BC942}") = "5.light_casters", "5.light_casters.vcxproj", "{07E09B32-E4E1-4F28-B484-AD4B400BE4D1}"
	ProjectSection(ProjectDependencies) = postProject
		{D636557A-3084-416B-A268-D23F12F7F645} = {D636557A-3084-416B-A268-D23F12F7F645}
	EndProjectSection
EndProject
Project("{8BC9CEB8-8B4A-11D0-8D11-00A0C91BC942}") = "5.parallax_mapping", "5.parallax_mapping.vcxproj", "{8924DF52-16D7-4B81-93AB-3CDBD9A6D17E}"
	ProjectSection(ProjectDependencies) = postProject
		{D636557A-3084-416B-A268-D23F12F7F645} = {D636557A-3084-416B-A268-D23F12F7F645}
	EndProjectSection
EndProject
Project("{8BC9CEB8-8B4A-11D0-8D11-00A0C91BC942}") = "5.transformations", "5.transformations.vcxproj", "{881D7E18-C593-4068-8B59-E8C035807FFB}"
	ProjectSection(ProjectDependencies) = postProject
		{D636557A-3084-416B-A268-D23F12F7F645} = {D636557A-3084-416B-A268-D23F12F7F645}
	EndProjectSection
EndProject
Project("{8BC9CEB8-8B4A-11D0-8D11-00A0C91BC942}") = "6.coordinate_systems", "6.coordinate_systems.vcxproj", "{EFB7AF83-5A03-4F0A-AB14-9AEF3019E05B}"
	ProjectSection(ProjectDependencies) = postProject
		{D636557A-3084-416B-A268-D23F12F7F645} = {D636557A-3084-416B-A268-D23F12F7F645}
	EndProjectSection
EndProject
Project("{8BC9CEB8-8B4A-11D0-8D11-00A0C91BC942}") = "6.cubemaps", "6.cubemaps.vcxproj", "{A2196863-C54C-4EF9-AEA5-FE94F1E9E190}"
	ProjectSection(ProjectDependencies) = postProject
		{D636557A-3084-416B-A268-D23F12F7F645} = {D636557A-3084-416B-A268-D23F12F7F645}
	EndProjectSection
EndProject
Project("{8BC9CEB8-8B4A-11D0-8D11-00A0C91BC942}") = "6.hdr", "6.hdr.vcxproj", "{64AE96C1-3074-4101-9BBD-0398BBC41CE2}"
	ProjectSection(ProjectDependencies) = postProject
		{D636557A-3084-416B-A268-D23F12F7F645} = {D636557A-3084-416B-A268-D23F12F7F645}
	EndProjectSection
EndProject
Project("{8BC9CEB8-8B4A-11D0-8D11-00A0C91BC942}") = "6.multiple_lights", "6.multiple_lights.vcxproj", "{16786083-39DE-42CA-A391-5586AC29E151}"
	ProjectSection(ProjectDependencies) = postProject
		{D636557A-3084-416B-A268-D23F12F7F645} = {D636557A-3084-416B-A268-D23F12F7F645}
	EndProjectSection
EndProject
Project("{8BC9CEB8-8B4A-11D0-8D11-00A0C91BC942}") = "7.bloom", "7.bloom.vcxproj", "{7500747B-9974-4468-8A28-BF9EE7A5BC22}"
	ProjectSection(ProjectDependencies) = postProject
		{D636557A-3084-416B-A268-D23F12F7F645} = {D636557A-3084-416B-A268-D23F12F7F645}
	EndProjectSection
EndProject
Project("{8BC9CEB8-8B4A-11D0-8D11-00A0C91BC942}") = "7.camera", "7.camera.vcxproj", "{38C4BA4F-16AE-462F-9289-789FDCA64CCB}"
	ProjectSection(ProjectDependencies) = postProject
		{D636557A-3084-416B-A268-D23F12F7F645} = {D636557A-3084-416B-A268-D23F12F7F645}
	EndProjectSection
EndProject
Project("{8BC9CEB8-8B4A-11D0-8D11-00A0C91BC942}") = "8.advanced_glsl", "8.advanced_glsl.vcxproj", "{395B1BC3-CC3C-485B-8CBC-29CD006C9255}"
	ProjectSection(ProjectDependencies) = postProject
		{D636557A-3084-416B-A268-D23F12F7F645} = {D636557A-3084-416B-A268-D23F12F7F645}
	EndProjectSection
EndProject
Project("{8BC9CEB8-8B4A-11D0-8D11-00A0C91BC942}") = "8.deferred_shading", "8.deferred_shading.vcxproj", "{FC21F041-6DAE-48C4-BECF-7E8C17268A61}"
	ProjectSection(ProjectDependencies) = postProject
		{D636557A-3084-416B-A268-D23F12F7F645} = {D636557A-3084-416B-A268-D23F12F7F645}
	EndProjectSection
EndProject
Project("{8BC9CEB8-8B4A-11D0-8D11-00A0C91BC942}") = "9.geometry_shader", "9.geometry_shader.vcxproj", "{4D4A5AA4-06A3-4504-8CB4-F355F05527D5}"
	ProjectSection(ProjectDependencies) = postProject
		{D636557A-3084-416B-A268-D23F12F7F645} = {D636557A-3084-416B-A268-D23F12F7F645}
	EndProjectSection
EndProject
Project("{8BC9CEB8-8B4A-11D0-8D11-00A0C91BC942}") = "9.ssao", "9.ssao.vcxproj", "{26D18635-78FB-4E9B-8D10-AE747CC5A074}"
	ProjectSection(ProjectDependencies) = postProject
		{D636557A-3084-416B-A268-D23F12F7F645} = {D636557A-3084-416B-A268-D23F12F7F645}
	EndProjectSection
EndProject
Project("{8BC9CEB8-8B4A-11D0-8D11-00A0C91BC942}") = "ZERO_CHECK", "ZERO_CHECK.vcxproj", "{D636557A-3084-416B-A268-D23F12F7F645}"
	ProjectSection(ProjectDependencies) = postProject
	EndProjectSection
EndProject
Global
	GlobalSection(SolutionConfigurationPlatforms) = preSolution
		Debug|Win32 = Debug|Win32
		Release|Win32 = Release|Win32
		MinSizeRel|Win32 = MinSizeRel|Win32
		RelWithDebInfo|Win32 = RelWithDebInfo|Win32
	EndGlobalSection
	GlobalSection(ProjectConfigurationPlatforms) = postSolution
		{40A947D6-75A8-4CEE-80D4-700106903EB7}.Debug|Win32.ActiveCfg = Debug|Win32
		{40A947D6-75A8-4CEE-80D4-700106903EB7}.Release|Win32.ActiveCfg = Release|Win32
		{40A947D6-75A8-4CEE-80D4-700106903EB7}.MinSizeRel|Win32.ActiveCfg = MinSizeRel|Win32
		{40A947D6-75A8-4CEE-80D4-700106903EB7}.RelWithDebInfo|Win32.ActiveCfg = RelWithDebInfo|Win32
		{3BEDAB32-5D22-414E-99F4-A971DEE9AC78}.Debug|Win32.ActiveCfg = Debug|Win32
		{3BEDAB32-5D22-414E-99F4-A971DEE9AC78}.Debug|Win32.Build.0 = Debug|Win32
		{3BEDAB32-5D22-414E-99F4-A971DEE9AC78}.Release|Win32.ActiveCfg = Release|Win32
		{3BEDAB32-5D22-414E-99F4-A971DEE9AC78}.Release|Win32.Build.0 = Release|Win32
		{3BEDAB32-5D22-414E-99F4-A971DEE9AC78}.MinSizeRel|Win32.ActiveCfg = MinSizeRel|Win32
		{3BEDAB32-5D22-414E-99F4-A971DEE9AC78}.MinSizeRel|Win32.Build.0 = MinSizeRel|Win32
		{3BEDAB32-5D22-414E-99F4-A971DEE9AC78}.RelWithDebInfo|Win32.ActiveCfg = RelWithDebInfo|Win32
		{3BEDAB32-5D22-414E-99F4-A971DEE9AC78}.RelWithDebInfo|Win32.Build.0 = RelWithDebInfo|Win32
		{7E769C98-FB47-4366-AC34-D52C877B2FF7}.Debug|Win32.ActiveCfg = Debug|Win32
		{7E769C98-FB47-4366-AC34-D52C877B2FF7}.Debug|Win32.Build.0 = Debug|Win32
		{7E769C98-FB47-4366-AC34-D52C877B2FF7}.Release|Win32.ActiveCfg = Release|Win32
		{7E769C98-FB47-4366-AC34-D52C877B2FF7}.Release|Win32.Build.0 = Release|Win32
		{7E769C98-FB47-4366-AC34-D52C877B2FF7}.MinSizeRel|Win32.ActiveCfg = MinSizeRel|Win32
		{7E769C98-FB47-4366-AC34-D52C877B2FF7}.MinSizeRel|Win32.Build.0 = MinSizeRel|Win32
		{7E769C98-FB47-4366-AC34-D52C877B2FF7}.RelWithDebInfo|Win32.ActiveCfg = RelWithDebInfo|Win32
		{7E769C98-FB47-4366-AC34-D52C877B2FF7}.RelWithDebInfo|Win32.Build.0 = RelWithDebInfo|Win32
		{324C9921-22AB-4D4B-9BBA-9BA3B2D8818A}.Debug|Win32.ActiveCfg = Debug|Win32
		{324C9921-22AB-4D4B-9BBA-9BA3B2D8818A}.Debug|Win32.Build.0 = Debug|Win32
		{324C9921-22AB-4D4B-9BBA-9BA3B2D8818A}.Release|Win32.ActiveCfg = Release|Win32
		{324C9921-22AB-4D4B-9BBA-9BA3B2D8818A}.Release|Win32.Build.0 = Release|Win32
		{324C9921-22AB-4D4B-9BBA-9BA3B2D8818A}.MinSizeRel|Win32.ActiveCfg = MinSizeRel|Win32
		{324C9921-22AB-4D4B-9BBA-9BA3B2D8818A}.MinSizeRel|Win32.Build.0 = MinSizeRel|Win32
		{324C9921-22AB-4D4B-9BBA-9BA3B2D8818A}.RelWithDebInfo|Win32.ActiveCfg = RelWithDebInfo|Win32
		{324C9921-22AB-4D4B-9BBA-9BA3B2D8818A}.RelWithDebInfo|Win32.Build.0 = RelWithDebInfo|Win32
		{3E3A426B-8C06-44D1-BAEB-DA0D7E525879}.Debug|Win32.ActiveCfg = Debug|Win32
		{3E3A426B-8C06-44D1-BAEB-DA0D7E525879}.Debug|Win32.Build.0 = Debug|Win32
		{3E3A426B-8C06-44D1-BAEB-DA0D7E525879}.Release|Win32.ActiveCfg = Release|Win32
		{3E3A426B-8C06-44D1-BAEB-DA0D7E525879}.Release|Win32.Build.0 = Release|Win32
		{3E3A426B-8C06-44D1-BAEB-DA0D7E525879}.MinSizeRel|Win32.ActiveCfg = MinSizeRel|Win32
		{3E3A426B-8C06-44D1-BAEB-DA0D7E525879}.MinSizeRel|Win32.Build.0 = MinSizeRel|Win32
		{3E3A426B-8C06-44D1-BAEB-DA0D7E525879}.RelWithDebInfo|Win32.ActiveCfg = RelWithDebInfo|Win32
		{3E3A426B-8C06-44D1-BAEB-DA0D7E525879}.RelWithDebInfo|Win32.Build.0 = RelWithDebInfo|Win32
		{3FAD640E-222A-44AF-BD74-828533132A7D}.Debug|Win32.ActiveCfg = Debug|Win32
		{3FAD640E-222A-44AF-BD74-828533132A7D}.Debug|Win32.Build.0 = Debug|Win32
		{3FAD640E-222A-44AF-BD74-828533132A7D}.Release|Win32.ActiveCfg = Release|Win32
		{3FAD640E-222A-44AF-BD74-828533132A7D}.Release|Win32.Build.0 = Release|Win32
		{3FAD640E-222A-44AF-BD74-828533132A7D}.MinSizeRel|Win32.ActiveCfg = MinSizeRel|Win32
		{3FAD640E-222A-44AF-BD74-828533132A7D}.MinSizeRel|Win32.Build.0 = MinSizeRel|Win32
		{3FAD640E-222A-44AF-BD74-828533132A7D}.RelWithDebInfo|Win32.ActiveCfg = RelWithDebInfo|Win32
		{3FAD640E-222A-44AF-BD74-828533132A7D}.RelWithDebInfo|Win32.Build.0 = RelWithDebInfo|Win32
		{8440F92A-80B7-4ED9-8519-9879A6D125A0}.Debug|Win32.ActiveCfg = Debug|Win32
		{8440F92A-80B7-4ED9-8519-9879A6D125A0}.Debug|Win32.Build.0 = Debug|Win32
		{8440F92A-80B7-4ED9-8519-9879A6D125A0}.Release|Win32.ActiveCfg = Release|Win32
		{8440F92A-80B7-4ED9-8519-9879A6D125A0}.Release|Win32.Build.0 = Release|Win32
		{8440F92A-80B7-4ED9-8519-9879A6D125A0}.MinSizeRel|Win32.ActiveCfg = MinSizeRel|Win32
		{8440F92A-80B7-4ED9-8519-9879A6D125A0}.MinSizeRel|Win32.Build.0 = MinSizeRel|Win32
		{8440F92A-80B7-4ED9-8519-9879A6D125A0}.RelWithDebInfo|Win32.ActiveCfg = RelWithDebInfo|Win32
		{8440F92A-80B7-4ED9-8519-9879A6D125A0}.RelWithDebInfo|Win32.Build.0 = RelWithDebInfo|Win32
		{FA3F3CA3-1B2D-4500-85EC-C10F0BC6BF15}.Debug|Win32.ActiveCfg = Debug|Win32
		{FA3F3CA3-1B2D-4500-85EC-C10F0BC6BF15}.Debug|Win32.Build.0 = Debug|Win32
		{FA3F3CA3-1B2D-4500-85EC-C10F0BC6BF15}.Release|Win32.ActiveCfg = Release|Win32
		{FA3F3CA3-1B2D-4500-85EC-C10F0BC6BF15}.Release|Win32.Build.0 = Release|Win32
		{FA3F3CA3-1B2D-4500-85EC-C10F0BC6BF15}.MinSizeRel|Win32.ActiveCfg = MinSizeRel|Win32
		{FA3F3CA3-1B2D-4500-85EC-C10F0BC6BF15}.MinSizeRel|Win32.Build.0 = MinSizeRel|Win32
		{FA3F3CA3-1B2D-4500-85EC-C10F0BC6BF15}.RelWithDebInfo|Win32.ActiveCfg = RelWithDebInfo|Win32
		{FA3F3CA3-1B2D-4500-85EC-C10F0BC6BF15}.RelWithDebInfo|Win32.Build.0 = RelWithDebInfo|Win32
		{0A8E6A3F-B5F5-4E42-9DF1-C0CA8D1AEF77}.Debug|Win32.ActiveCfg = Debug|Win32
		{0A8E6A3F-B5F5-4E42-9DF1-C0CA8D1AEF77}.Debug|Win32.Build.0 = Debug|Win32
		{0A8E6A3F-B5F5-4E42-9DF1-C0CA8D1AEF77}.Release|Win32.ActiveCfg = Release|Win32
		{0A8E6A3F-B5F5-4E42-9DF1-C0CA8D1AEF77}.Release|Win32.Build.0 = Release|Win32
		{0A8E6A3F-B5F5-4E42-9DF1-C0CA8D1AEF77}.MinSizeRel|Win32.ActiveCfg = MinSizeRel|Win32
		{0A8E6A3F-B5F5-4E42-9DF1-C0CA8D1AEF77}.MinSizeRel|Win32.Build.0 = MinSizeRel|Win32
		{0A8E6A3F-B5F5-4E42-9DF1-C0CA8D1AEF77}.RelWithDebInfo|Win32.ActiveCfg = RelWithDebInfo|Win32
		{0A8E6A3F-B5F5-4E42-9DF1-C0CA8D1AEF77}.RelWithDebInfo|Win32.Build.0 = RelWithDebInfo|Win32
		{553227DE-86C3-4A57-8CF0-CAE34403766D}.Debug|Win32.ActiveCfg = Debug|Win32
		{553227DE-86C3-4A57-8CF0-CAE34403766D}.Debug|Win32.Build.0 = Debug|Win32
		{553227DE-86C3-4A57-8CF0-CAE34403766D}.Release|Win32.ActiveCfg = Release|Win32
		{553227DE-86C3-4A57-8CF0-CAE34403766D}.Release|Win32.Build.0 = Release|Win32
		{553227DE-86C3-4A57-8CF0-CAE34403766D}.MinSizeRel|Win32.ActiveCfg = MinSizeRel|Win32
		{553227DE-86C3-4A57-8CF0-CAE34403766D}.MinSizeRel|Win32.Build.0 = MinSizeRel|Win32
		{553227DE-86C3-4A57-8CF0-CAE34403766D}.RelWithDebInfo|Win32.ActiveCfg = RelWithDebInfo|Win32
		{553227DE-86C3-4A57-8CF0-CAE34403766D}.RelWithDebInfo|Win32.Build.0 = RelWithDebInfo|Win32
		{4CFBE37C-F477-4513-B6C2-A8138E91CC8A}.Debug|Win32.ActiveCfg = Debug|Win32
		{4CFBE37C-F477-4513-B6C2-A8138E91CC8A}.Debug|Win32.Build.0 = Debug|Win32
		{4CFBE37C-F477-4513-B6C2-A8138E91CC8A}.Release|Win32.ActiveCfg = Release|Win32
		{4CFBE37C-F477-4513-B6C2-A8138E91CC8A}.Release|Win32.Build.0 = Release|Win32
		{4CFBE37C-F477-4513-B6C2-A8138E91CC8A}.MinSizeRel|Win32.ActiveCfg = MinSizeRel|Win32
		{4CFBE37C-F477-4513-B6C2-A8138E91CC8A}.MinSizeRel|Win32.Build.0 = MinSizeRel|Win32
		{4CFBE37C-F477-4513-B6C2-A8138E91CC8A}.RelWithDebInfo|Win32.ActiveCfg = RelWithDebInfo|Win32
		{4CFBE37C-F477-4513-B6C2-A8138E91CC8A}.RelWithDebInfo|Win32.Build.0 = RelWithDebInfo|Win32
		{2995E8F9-A31A-4559-BB19-816FC264AC11}.Debug|Win32.ActiveCfg = Debug|Win32
		{2995E8F9-A31A-4559-BB19-816FC264AC11}.Debug|Win32.Build.0 = Debug|Win32
		{2995E8F9-A31A-4559-BB19-816FC264AC11}.Release|Win32.ActiveCfg = Release|Win32
		{2995E8F9-A31A-4559-BB19-816FC264AC11}.Release|Win32.Build.0 = Release|Win32
		{2995E8F9-A31A-4559-BB19-816FC264AC11}.MinSizeRel|Win32.ActiveCfg = MinSizeRel|Win32
		{2995E8F9-A31A-4559-BB19-816FC264AC11}.MinSizeRel|Win32.Build.0 = MinSizeRel|Win32
		{2995E8F9-A31A-4559-BB19-816FC264AC11}.RelWithDebInfo|Win32.ActiveCfg = RelWithDebInfo|Win32
		{2995E8F9-A31A-4559-BB19-816FC264AC11}.RelWithDebInfo|Win32.Build.0 = RelWithDebInfo|Win32
		{6AA1A3EE-97FA-4A83-855D-4CB8A4AA2499}.Debug|Win32.ActiveCfg = Debug|Win32
		{6AA1A3EE-97FA-4A83-855D-4CB8A4AA2499}.Debug|Win32.Build.0 = Debug|Win32
		{6AA1A3EE-97FA-4A83-855D-4CB8A4AA2499}.Release|Win32.ActiveCfg = Release|Win32
		{6AA1A3EE-97FA-4A83-855D-4CB8A4AA2499}.Release|Win32.Build.0 = Release|Win32
		{6AA1A3EE-97FA-4A83-855D-4CB8A4AA2499}.MinSizeRel|Win32.ActiveCfg = MinSizeRel|Win32
		{6AA1A3EE-97FA-4A83-855D-4CB8A4AA2499}.MinSizeRel|Win32.Build.0 = MinSizeRel|Win32
		{6AA1A3EE-97FA-4A83-855D-4CB8A4AA2499}.RelWithDebInfo|Win32.ActiveCfg = RelWithDebInfo|Win32
		{6AA1A3EE-97FA-4A83-855D-4CB8A4AA2499}.RelWithDebInfo|Win32.Build.0 = RelWithDebInfo|Win32
		{CBA06F36-E51A-41FA-B3EE-E7A555CEF4CA}.Debug|Win32.ActiveCfg = Debug|Win32
		{CBA06F36-E51A-41FA-B3EE-E7A555CEF4CA}.Debug|Win32.Build.0 = Debug|Win32
		{CBA06F36-E51A-41FA-B3EE-E7A555CEF4CA}.Release|Win32.ActiveCfg = Release|Win32
		{CBA06F36-E51A-41FA-B3EE-E7A555CEF4CA}.Release|Win32.Build.0 = Release|Win32
		{CBA06F36-E51A-41FA-B3EE-E7A555CEF4CA}.MinSizeRel|Win32.ActiveCfg = MinSizeRel|Win32
		{CBA06F36-E51A-41FA-B3EE-E7A555CEF4CA}.MinSizeRel|Win32.Build.0 = MinSizeRel|Win32
		{CBA06F36-E51A-41FA-B3EE-E7A555CEF4CA}.RelWithDebInfo|Win32.ActiveCfg = RelWithDebInfo|Win32
		{CBA06F36-E51A-41FA-B3EE-E7A555CEF4CA}.RelWithDebInfo|Win32.Build.0 = RelWithDebInfo|Win32
		{927EE8F5-A4F6-4155-B068-C0E280594FC0}.Debug|Win32.ActiveCfg = Debug|Win32
		{927EE8F5-A4F6-4155-B068-C0E280594FC0}.Debug|Win32.Build.0 = Debug|Win32
		{927EE8F5-A4F6-4155-B068-C0E280594FC0}.Release|Win32.ActiveCfg = Release|Win32
		{927EE8F5-A4F6-4155-B068-C0E280594FC0}.Release|Win32.Build.0 = Release|Win32
		{927EE8F5-A4F6-4155-B068-C0E280594FC0}.MinSizeRel|Win32.ActiveCfg = MinSizeRel|Win32
		{927EE8F5-A4F6-4155-B068-C0E280594FC0}.MinSizeRel|Win32.Build.0 = MinSizeRel|Win32
		{927EE8F5-A4F6-4155-B068-C0E280594FC0}.RelWithDebInfo|Win32.ActiveCfg = RelWithDebInfo|Win32
		{927EE8F5-A4F6-4155-B068-C0E280594FC0}.RelWithDebInfo|Win32.Build.0 = RelWithDebInfo|Win32
		{26576051-4376-496C-9176-A70D1D9DA931}.Debug|Win32.ActiveCfg = Debug|Win32
		{26576051-4376-496C-9176-A70D1D9DA931}.Debug|Win32.Build.0 = Debug|Win32
		{26576051-4376-496C-9176-A70D1D9DA931}.Release|Win32.ActiveCfg = Release|Win32
		{26576051-4376-496C-9176-A70D1D9DA931}.Release|Win32.Build.0 = Release|Win32
		{26576051-4376-496C-9176-A70D1D9DA931}.MinSizeRel|Win32.ActiveCfg = MinSizeRel|Win32
		{26576051-4376-496C-9176-A70D1D9DA931}.MinSizeRel|Win32.Build.0 = MinSizeRel|Win32
		{26576051-4376-496C-9176-A70D1D9DA931}.RelWithDebInfo|Win32.ActiveCfg = RelWithDebInfo|Win32
		{26576051-4376-496C-9176-A70D1D9DA931}.RelWithDebInfo|Win32.Build.0 = RelWithDebInfo|Win32
		{DEE30559-4705-47D0-92D6-A716FA6FC5E8}.Debug|Win32.ActiveCfg = Debug|Win32
		{DEE30559-4705-47D0-92D6-A716FA6FC5E8}.Debug|Win32.Build.0 = Debug|Win32
		{DEE30559-4705-47D0-92D6-A716FA6FC5E8}.Release|Win32.ActiveCfg = Release|Win32
		{DEE30559-4705-47D0-92D6-A716FA6FC5E8}.Release|Win32.Build.0 = Release|Win32
		{DEE30559-4705-47D0-92D6-A716FA6FC5E8}.MinSizeRel|Win32.ActiveCfg = MinSizeRel|Win32
		{DEE30559-4705-47D0-92D6-A716FA6FC5E8}.MinSizeRel|Win32.Build.0 = MinSizeRel|Win32
		{DEE30559-4705-47D0-92D6-A716FA6FC5E8}.RelWithDebInfo|Win32.ActiveCfg = RelWithDebInfo|Win32
		{DEE30559-4705-47D0-92D6-A716FA6FC5E8}.RelWithDebInfo|Win32.Build.0 = RelWithDebInfo|Win32
		{76A408F6-587E-46A5-BAEA-D08737C6B7C7}.Debug|Win32.ActiveCfg = Debug|Win32
		{76A408F6-587E-46A5-BAEA-D08737C6B7C7}.Debug|Win32.Build.0 = Debug|Win32
		{76A408F6-587E-46A5-BAEA-D08737C6B7C7}.Release|Win32.ActiveCfg = Release|Win32
		{76A408F6-587E-46A5-BAEA-D08737C6B7C7}.Release|Win32.Build.0 = Release|Win32
		{76A408F6-587E-46A5-BAEA-D08737C6B7C7}.MinSizeRel|Win32.ActiveCfg = MinSizeRel|Win32
		{76A408F6-587E-46A5-BAEA-D08737C6B7C7}.MinSizeRel|Win32.Build.0 = MinSizeRel|Win32
		{76A408F6-587E-46A5-BAEA-D08737C6B7C7}.RelWithDebInfo|Win32.ActiveCfg = RelWithDebInfo|Win32
		{76A408F6-587E-46A5-BAEA-D08737C6B7C7}.RelWithDebInfo|Win32.Build.0 = RelWithDebInfo|Win32
		{F57AE720-0CC6-4906-9D98-93042743B5A2}.Debug|Win32.ActiveCfg = Debug|Win32
		{F57AE720-0CC6-4906-9D98-93042743B5A2}.Debug|Win32.Build.0 = Debug|Win32
		{F57AE720-0CC6-4906-9D98-93042743B5A2}.Release|Win32.ActiveCfg = Release|Win32
		{F57AE720-0CC6-4906-9D98-93042743B5A2}.Release|Win32.Build.0 = Release|Win32
		{F57AE720-0CC6-4906-9D98-93042743B5A2}.MinSizeRel|Win32.ActiveCfg = MinSizeRel|Win32
		{F57AE720-0CC6-4906-9D98-93042743B5A2}.MinSizeRel|Win32.Build.0 = MinSizeRel|Win32
		{F57AE720-0CC6-4906-9D98-93042743B5A2}.RelWithDebInfo|Win32.ActiveCfg = RelWithDebInfo|Win32
		{F57AE720-0CC6-4906-9D98-93042743B5A2}.RelWithDebInfo|Win32.Build.0 = RelWithDebInfo|Win32
		{9F601595-AB7B-4543-890E-CAC69BA8199A}.Debug|Win32.ActiveCfg = Debug|Win32
		{9F601595-AB7B-4543-890E-CAC69BA8199A}.Debug|Win32.Build.0 = Debug|Win32
		{9F601595-AB7B-4543-890E-CAC69BA8199A}.Release|Win32.ActiveCfg = Release|Win32
		{9F601595-AB7B-4543-890E-CAC69BA8199A}.Release|Win32.Build.0 = Release|Win32
		{9F601595-AB7B-4543-890E-CAC69BA8199A}.MinSizeRel|Win32.ActiveCfg = MinSizeRel|Win32
		{9F601595-AB7B-4543-890E-CAC69BA8199A}.MinSizeRel|Win32.Build.0 = MinSizeRel|Win32
		{9F601595-AB7B-4543-890E-CAC69BA8199A}.RelWithDebInfo|Win32.ActiveCfg = RelWithDebInfo|Win32
		{9F601595-AB7B-4543-890E-CAC69BA8199A}.RelWithDebInfo|Win32.Build.0 = RelWithDebInfo|Win32
		{2FA80F8E-7955-4876-BB92-0F2ED27E1108}.Debug|Win32.ActiveCfg = Debug|Win32
		{2FA80F8E-7955-4876-BB92-0F2ED27E1108}.Debug|Win32.Build.0 = Debug|Win32
		{2FA80F8E-7955-4876-BB92-0F2ED27E1108}.Release|Win32.ActiveCfg = Release|Win32
		{2FA80F8E-7955-4876-BB92-0F2ED27E1108}.Release|Win32.Build.0 = Release|Win32
		{2FA80F8E-7955-4876-BB92-0F2ED27E1108}.MinSizeRel|Win32.ActiveCfg = MinSizeRel|Win32
		{2FA80F8E-7955-4876-BB92-0F2ED27E1108}.MinSizeRel|Win32.Build.0 = MinSizeRel|Win32
		{2FA80F8E-7955-4876-BB92-0F2ED27E1108}.RelWithDebInfo|Win32.ActiveCfg = RelWithDebInfo|Win32
		{2FA80F8E-7955-4876-BB92-0F2ED27E1108}.RelWithDebInfo|Win32.Build.0 = RelWithDebInfo|Win32
		{BF7871CB-6C13-40B9-924E-B7F7D11AD155}.Debug|Win32.ActiveCfg = Debug|Win32
		{BF7871CB-6C13-40B9-924E-B7F7D11AD155}.Debug|Win32.Build.0 = Debug|Win32
		{BF7871CB-6C13-40B9-924E-B7F7D11AD155}.Release|Win32.ActiveCfg = Release|Win32
		{BF7871CB-6C13-40B9-924E-B7F7D11AD155}.Release|Win32.Build.0 = Release|Win32
		{BF7871CB-6C13-40B9-924E-B7F7D11AD155}.MinSizeRel|Win32.ActiveCfg = MinSizeRel|Win32
		{BF7871CB-6C13-40B9-924E-B7F7D11AD155}.MinSizeRel|Win32.Build.0 = MinSizeRel|Win32
		{BF7871CB-6C13-40B9-924E-B7F7D11AD155}.RelWithDebInfo|Win32.ActiveCfg = RelWithDebInfo|Win32
		{BF7871CB-6C13-40B9-924E-B7F7D11AD155}.RelWithDebInfo|Win32.Build.0 = RelWithDebInfo|Win32
		{0D8ABE7A-6F92-4FBE-B190-D48242C5B5F5}.Debug|Win32.ActiveCfg = Debug|Win32
		{0D8ABE7A-6F92-4FBE-B190-D48242C5B5F5}.Debug|Win32.Build.0 = Debug|Win32
		{0D8ABE7A-6F92-4FBE-B190-D48242C5B5F5}.Release|Win32.ActiveCfg = Release|Win32
		{0D8ABE7A-6F92-4FBE-B190-D48242C5B5F5}.Release|Win32.Build.0 = Release|Win32
		{0D8ABE7A-6F92-4FBE-B190-D48242C5B5F5}.MinSizeRel|Win32.ActiveCfg = MinSizeRel|Win32
		{0D8ABE7A-6F92-4FBE-B190-D48242C5B5F5}.MinSizeRel|Win32.Build.0 = MinSizeRel|Win32
		{0D8ABE7A-6F92-4FBE-B190-D48242C5B5F5}.RelWithDebInfo|Win32.ActiveCfg = RelWithDebInfo|Win32
		{0D8ABE7A-6F92-4FBE-B190-D48242C5B5F5}.RelWithDebInfo|Win32.Build.0 = RelWithDebInfo|Win32
		{07E09B32-E4E1-4F28-B484-AD4B400BE4D1}.Debug|Win32.ActiveCfg = Debug|Win32
		{07E09B32-E4E1-4F28-B484-AD4B400BE4D1}.Debug|Win32.Build.0 = Debug|Win32
		{07E09B32-E4E1-4F28-B484-AD4B400BE4D1}.Release|Win32.ActiveCfg = Release|Win32
		{07E09B32-E4E1-4F28-B484-AD4B400BE4D1}.Release|Win32.Build.0 = Release|Win32
		{07E09B32-E4E1-4F28-B484-AD4B400BE4D1}.MinSizeRel|Win32.ActiveCfg = MinSizeRel|Win32
		{07E09B32-E4E1-4F28-B484-AD4B400BE4D1}.MinSizeRel|Win32.Build.0 = MinSizeRel|Win32
		{07E09B32-E4E1-4F28-B484-AD4B400BE4D1}.RelWithDebInfo|Win32.ActiveCfg = RelWithDebInfo|Win32
		{07E09B32-E4E1-4F28-B484-AD4B400BE4D1}.RelWithDebInfo|Win32.Build.0 = RelWithDebInfo|Win32
		{8924DF52-16D7-4B81-93AB-3CDBD9A6D17E}.Debug|Win32.ActiveCfg = Debug|Win32
		{8924DF52-16D7-4B81-93AB-3CDBD9A6D17E}.Debug|Win32.Build.0 = Debug|Win32
		{8924DF52-16D7-4B81-93AB-3CDBD9A6D17E}.Release|Win32.ActiveCfg = Release|Win32
		{8924DF52-16D7-4B81-93AB-3CDBD9A6D17E}.Release|Win32.Build.0 = Release|Win32
		{8924DF52-16D7-4B81-93AB-3CDBD9A6D17E}.MinSizeRel|Win32.ActiveCfg = MinSizeRel|Win32
		{8924DF52-16D7-4B81-93AB-3CDBD9A6D17E}.MinSizeRel|Win32.Build.0 = MinSizeRel|Win32
		{8924DF52-16D7-4B81-93AB-3CDBD9A6D17E}.RelWithDebInfo|Win32.ActiveCfg = RelWithDebInfo|Win32
		{8924DF52-16D7-4B81-93AB-3CDBD9A6D17E}.RelWithDebInfo|Win32.Build.0 = RelWithDebInfo|Win32
		{881D7E18-C593-4068-8B59-E8C035807FFB}.Debug|Win32.ActiveCfg = Debug|Win32
		{881D7E18-C593-4068-8B59-E8C035807FFB}.Debug|Win32.Build.0 = Debug|Win32
		{881D7E18-C593-4068-8B59-E8C035807FFB}.Release|Win32.ActiveCfg = Release|Win32
		{881D7E18-C593-4068-8B59-E8C035807FFB}.Release|Win32.Build.0 = Release|Win32
		{881D7E18-C593-4068-8B59-E8C035807FFB}.MinSizeRel|Win32.ActiveCfg = MinSizeRel|Win32
		{881D7E18-C593-4068-8B59-E8C035807FFB}.MinSizeRel|Win32.Build.0 = MinSizeRel|Win32
		{881D7E18-C593-4068-8B59-E8C035807FFB}.RelWithDebInfo|Win32.ActiveCfg = RelWithDebInfo|Win32
		{881D7E18-C593-4068-8B59-E8C035807FFB}.RelWithDebInfo|Win32.Build.0 = RelWithDebInfo|Win32
		{EFB7AF83-5A03-4F0A-AB14-9AEF3019E05B}.Debug|Win32.ActiveCfg = Debug|Win32
		{EFB7AF83-5A03-4F0A-AB14-9AEF3019E05B}.Debug|Win32.Build.0 = Debug|Win32
		{EFB7AF83-5A03-4F0A-AB14-9AEF3019E05B}.Release|Win32.ActiveCfg = Release|Win32
		{EFB7AF83-5A03-4F0A-AB14-9AEF3019E05B}.Release|Win32.Build.0 = Release|Win32
		{EFB7AF83-5A03-4F0A-AB14-9AEF3019E05B}.MinSizeRel|Win32.ActiveCfg = MinSizeRel|Win32
		{EFB7AF83-5A03-4F0A-AB14-9AEF3019E05B}.MinSizeRel|Win32.Build.0 = MinSizeRel|Win32
		{EFB7AF83-5A03-4F0A-AB14-9AEF3019E05B}.RelWithDebInfo|Win32.ActiveCfg = RelWithDebInfo|Win32
		{EFB7AF83-5A03-4F0A-AB14-9AEF3019E05B}.RelWithDebInfo|Win32.Build.0 = RelWithDebInfo|Win32
		{A2196863-C54C-4EF9-AEA5-FE94F1E9E190}.Debug|Win32.ActiveCfg = Debug|Win32
		{A2196863-C54C-4EF9-AEA5-FE94F1E9E190}.Debug|Win32.Build.0 = Debug|Win32
		{A2196863-C54C-4EF9-AEA5-FE94F1E9E190}.Release|Win32.ActiveCfg = Release|Win32
		{A2196863-C54C-4EF9-AEA5-FE94F1E9E190}.Release|Win32.Build.0 = Release|Win32
		{A2196863-C54C-4EF9-AEA5-FE94F1E9E190}.MinSizeRel|Win32.ActiveCfg = MinSizeRel|Win32
		{A2196863-C54C-4EF9-AEA5-FE94F1E9E190}.MinSizeRel|Win32.Build.0 = MinSizeRel|Win32
		{A2196863-C54C-4EF9-AEA5-FE94F1E9E190}.RelWithDebInfo|Win32.ActiveCfg = RelWithDebInfo|Win32
		{A2196863-C54C-4EF9-AEA5-FE94F1E9E190}.RelWithDebInfo|Win32.Build.0 = RelWithDebInfo|Win32
		{64AE96C1-3074-4101-9BBD-0398BBC41CE2}.Debug|Win32.ActiveCfg = Debug|Win32
		{64AE96C1-3074-4101-9BBD-0398BBC41CE2}.Debug|Win32.Build.0 = Debug|Win32
		{64AE96C1-3074-4101-9BBD-0398BBC41CE2}.Release|Win32.ActiveCfg = Release|Win32
		{64AE96C1-3074-4101-9BBD-0398BBC41CE2}.Release|Win32.Build.0 = Release|Win32
		{64AE96C1-3074-4101-9BBD-0398BBC41CE2}.MinSizeRel|Win32.ActiveCfg = MinSizeRel|Win32
		{64AE96C1-3074-4101-9BBD-0398BBC41CE2}.MinSizeRel|Win32.Build.0 = MinSizeRel|Win32
		{64AE96C1-3074-4101-9BBD-0398BBC41CE2}.RelWithDebInfo|Win32.ActiveCfg = RelWithDebInfo|Win32
		{64AE96C1-3074-4101-9BBD-0398BBC41CE2}.RelWithDebInfo|Win32.Build.0 = RelWithDebInfo|Win32
		{16786083-39DE-42CA-A391-5586AC29E151}.Debug|Win32.ActiveCfg = Debug|Win32
		{16786083-39DE-42CA-A391-5586AC29E151}.Debug|Win32.Build.0 = Debug|Win32
		{16786083-39DE-42CA-A391-5586AC29E151}.Release|Win32.ActiveCfg = Release|Win32
		{16786083-39DE-42CA-A391-5586AC29E151}.Release|Win32.Build.0 = Release|Win32
		{16786083-39DE-42CA-A391-5586AC29E151}.MinSizeRel|Win32.ActiveCfg = MinSizeRel|Win32
		{16786083-39DE-42CA-A391-5586AC29E151}.MinSizeRel|Win32.Build.0 = MinSizeRel|Win32
		{16786083-39DE-42CA-A391-5586AC29E151}.RelWithDebInfo|Win32.ActiveCfg = RelWithDebInfo|Win32
		{16786083-39DE-42CA-A391-5586AC29E151}.RelWithDebInfo|Win32.Build.0 = RelWithDebInfo|Win32
		{7500747B-9974-4468-8A28-BF9EE7A5BC22}.Debug|Win32.ActiveCfg = Debug|Win32
		{7500747B-9974-4468-8A28-BF9EE7A5BC22}.Debug|Win32.Build.0 = Debug|Win32
		{7500747B-9974-4468-8A28-BF9EE7A5BC22}.Release|Win32.ActiveCfg = Release|Win32
		{7500747B-9974-4468-8A28-BF9EE7A5BC22}.Release|Win32.Build.0 = Release|Win32
		{7500747B-9974-4468-8A28-BF9EE7A5BC22}.MinSizeRel|Win32.ActiveCfg = MinSizeRel|Win32
		{7500747B-9974-4468-8A28-BF9EE7A5BC22}.MinSizeRel|Win32.Build.0 = MinSizeRel|Win32
		{7500747B-9974-4468-8A28-BF9EE7A5BC22}.RelWithDebInfo|Win32.ActiveCfg = RelWithDebInfo|Win32
		{7500747B-9974-4468-8A28-BF9EE7A5BC22}.RelWithDebInfo|Win32.Build.0 = RelWithDebInfo|Win32
		{38C4BA4F-16AE-462F-9289-789FDCA64CCB}.Debug|Win32.ActiveCfg = Debug|Win32
		{38C4BA4F-16AE-462F-9289-789FDCA64CCB}.Debug|Win32.Build.0 = Debug|Win32
		{38C4BA4F-16AE-462F-9289-789FDCA64CCB}.Release|Win32.ActiveCfg = Release|Win32
		{38C4BA4F-16AE-462F-9289-789FDCA64CCB}.Release|Win32.Build.0 = Release|Win32
		{38C4BA4F-16AE-462F-9289-789FDCA64CCB}.MinSizeRel|Win32.ActiveCfg = MinSizeRel|Win32
		{38C4BA4F-16AE-462F-9289-789FDCA64CCB}.MinSizeRel|Win32.Build.0 = MinSizeRel|Win32
		{38C4BA4F-16AE-462F-9289-789FDCA64CCB}.RelWithDebInfo|Win32.ActiveCfg = RelWithDebInfo|Win32
		{38C4BA4F-16AE-462F-9289-789FDCA64CCB}.RelWithDebInfo|Win32.Build.0 = RelWithDebInfo|Win32
		{395B1BC3-CC3C-485B-8CBC-29CD006C9255}.Debug|Win32.ActiveCfg = Debug|Win32
		{395B1BC3-CC3C-485B-8CBC-29CD006C9255}.Debug|Win32.Build.0 = Debug|Win32
		{395B1BC3-CC3C-485B-8CBC-29CD006C9255}.Release|Win32.ActiveCfg = Release|Win32
		{395B1BC3-CC3C-485B-8CBC-29CD006C9255}.Release|Win32.Build.0 = Release|Win32
		{395B1BC3-CC3C-485B-8CBC-29CD006C9255}.MinSizeRel|Win32.ActiveCfg = MinSizeRel|Win32
		{395B1BC3-CC3C-485B-8CBC-29CD006C9255}.MinSizeRel|Win32.Build.0 = MinSizeRel|Win32
		{395B1BC3-CC3C-485B-8CBC-29CD006C9255}.RelWithDebInfo|Win32.ActiveCfg = RelWithDebInfo|Win32
		{395B1BC3-CC3C-485B-8CBC-29CD006C9255}.RelWithDebInfo|Win32.Build.0 = RelWithDebInfo|Win32
		{FC21F041-6DAE-48C4-BECF-7E8C17268A61}.Debug|Win32.ActiveCfg = Debug|Win32
		{FC21F041-6DAE-48C4-BECF-7E8C17268A61}.Debug|Win32.Build.0 = Debug|Win32
		{FC21F041-6DAE-48C4-BECF-7E8C17268A61}.Release|Win32.ActiveCfg = Release|Win32
		{FC21F041-6DAE-48C4-BECF-7E8C17268A61}.Release|Win32.Build.0 = Release|Win32
		{FC21F041-6DAE-48C4-BECF-7E8C17268A61}.MinSizeRel|Win32.ActiveCfg = MinSizeRel|Win32
		{FC21F041-6DAE-48C4-BECF-7E8C17268A61}.MinSizeRel|Win32.Build.0 = MinSizeRel|Win32
		{FC21F041-6DAE-48C4-BECF-7E8C17268A61}.RelWithDebInfo|Win32.ActiveCfg = RelWithDebInfo|Win32
		{FC21F041-6DAE-48C4-BECF-7E8C17268A61}.RelWithDebInfo|Win32.Build.0 = RelWithDebInfo|Win32
		{4D4A5AA4-06A3-4504-8CB4-F355F05527D5}.Debug|Win32.ActiveCfg = Debug|Win32
		{4D4A5AA4-06A3-4504-8CB4-F355F05527D5}.Debug|Win32.Build.0 = Debug|Win32
		{4D4A5AA4-06A3-4504-8CB4-F355F05527D5}.Release|Win32.ActiveCfg = Release|Win32
		{4D4A5AA4-06A3-4504-8CB4-F355F05527D5}.Release|Win32.Build.0 = Release|Win32
		{4D4A5AA4-06A3-4504-8CB4-F355F05527D5}.MinSizeRel|Win32.ActiveCfg = MinSizeRel|Win32
		{4D4A5AA4-06A3-4504-8CB4-F355F05527D5}.MinSizeRel|Win32.Build.0 = MinSizeRel|Win32
		{4D4A5AA4-06A3-4504-8CB4-F355F05527D5}.RelWithDebInfo|Win32.ActiveCfg = RelWithDebInfo|Win32
		{4D4A5AA4-06A3-4504-8CB4-F355F05527D5}.RelWithDebInfo|Win32.Build.0 = RelWithDebInfo|Win32
		{26D18635-78FB-4E9B-8D10-AE747CC5A074}.Debug|Win32.ActiveCfg = Debug|Win32
		{26D18635-78FB-4E9B-8D10-AE747CC5A074}.Debug|Win32.Build.0 = Debug|Win32
		{26D18635-78FB-4E9B-8D10-AE747CC5A074}.Release|Win32.ActiveCfg = Release|Win32
		{26D18635-78FB-4E9B-8D10-AE747CC5A074}.Release|Win32.Build.0 = Release|Win32
		{26D18635-78FB-4E9B-8D10-AE747CC5A074}.MinSizeRel|Win32.ActiveCfg = MinSizeRel|Win32
		{26D18635-78FB-4E9B-8D10-AE747CC5A074}.MinSizeRel|Win32.Build.0 = MinSizeRel|Win32
		{26D18635-78FB-4E9B-8D10-AE747CC5A074}.RelWithDebInfo|Win32.ActiveCfg = RelWithDebInfo|Win32
		{26D18635-78FB-4E9B-8D10-AE747CC5A074}.RelWithDebInfo|Win32.Build.0 = RelWithDebInfo|Win32
		{D636557A-3084-416B-A268-D23F12F7F645}.Debug|Win32.ActiveCfg = Debug|Win32
		{D636557A-3084-416B-A268-D23F12F7F645}.Debug|Win32.Build.0 = Debug|Win32
		{D636557A-3084-416B-A268-D23F12F7F645}.Release|Win32.ActiveCfg = Release|Win32
		{D636557A-3084-416B-A268-D23F12F7F645}.Release|Win32.Build.0 = Release|Win32
		{D636557A-3084-416B-A268-D23F12F7F645}.MinSizeRel|Win32.ActiveCfg = MinSizeRel|Win32
		{D636557A-3084-416B-A268-D23F12F7F645}.MinSizeRel|Win32.Build.0 = MinSizeRel|Win32
		{D636557A-3084-416B-A268-D23F12F7F645}.RelWithDebInfo|Win32.ActiveCfg = RelWithDebInfo|Win32
		{D636557A-3084-416B-A268-D23F12F7F645}.RelWithDebInfo|Win32.Build.0 = RelWithDebInfo|Win32
	EndGlobalSection
	GlobalSection(ExtensibilityGlobals) = postSolution
	EndGlobalSection
	GlobalSection(ExtensibilityAddIns) = postSolution
	EndGlobalSection
EndGlobal
